
Microsoft Visual Studio Solution File, Format Version 12.00
# Visual Studio Version 16
VisualStudioVersion = 16.0.29613.14
MinimumVisualStudioVersion = 10.0.40219.1
Project("{FAE04EC0-301F-11D3-BF4B-00C04F79EFBC}") = "Mastermind", "Mastermind\Mastermind.csproj", "{53916511-333E-449B-BB09-75832FCE253D}"
EndProject
Global
	GlobalSection(SolutionConfigurationPlatforms) = preSolution
		Debug|Any CPU = Debug|Any CPU
		Release|Any CPU = Release|Any CPU
	EndGlobalSection
	GlobalSection(ProjectConfigurationPlatforms) = postSolution
		{53916511-333E-449B-BB09-75832FCE253D}.Debug|Any CPU.ActiveCfg = Debug|Any CPU
		{53916511-333E-449B-BB09-75832FCE253D}.Debug|Any CPU.Build.0 = Debug|Any CPU
		{53916511-333E-449B-BB09-75832FCE253D}.Release|Any CPU.ActiveCfg = Release|Any CPU
		{53916511-333E-449B-BB09-75832FCE253D}.Release|Any CPU.Build.0 = Release|Any CPU
	EndGlobalSection
	GlobalSection(SolutionProperties) = preSolution
		HideSolutionNode = FALSE
	EndGlobalSection
	GlobalSection(ExtensibilityGlobals) = postSolution
		SolutionGuid = {D70E228A-80F4-45D0-AE42-93D065BA66BA}
	EndGlobalSection
EndGlobal
