
Microsoft Visual Studio Solution File, Format Version 12.00
# Visual Studio Version 16
VisualStudioVersion = 16.0.29709.97
MinimumVisualStudioVersion = 10.0.40219.1
Project("{FAE04EC0-301F-11D3-BF4B-00C04F79EFBC}") = "TowersOfHanoi", "TowersOfHanoi\TowersOfHanoi.csproj", "{0A4ED271-AD7E-49CA-B27C-C47F33CEA0B7}"
EndProject
Global
	GlobalSection(SolutionConfigurationPlatforms) = preSolution
		Debug|Any CPU = Debug|Any CPU
		Release|Any CPU = Release|Any CPU
	EndGlobalSection
	GlobalSection(ProjectConfigurationPlatforms) = postSolution
		{0A4ED271-AD7E-49CA-B27C-C47F33CEA0B7}.Debug|Any CPU.ActiveCfg = Debug|Any CPU
		{0A4ED271-AD7E-49CA-B27C-C47F33CEA0B7}.Debug|Any CPU.Build.0 = Debug|Any CPU
		{0A4ED271-AD7E-49CA-B27C-C47F33CEA0B7}.Release|Any CPU.ActiveCfg = Release|Any CPU
		{0A4ED271-AD7E-49CA-B27C-C47F33CEA0B7}.Release|Any CPU.Build.0 = Release|Any CPU
	EndGlobalSection
	GlobalSection(SolutionProperties) = preSolution
		HideSolutionNode = FALSE
	EndGlobalSection
	GlobalSection(ExtensibilityGlobals) = postSolution
		SolutionGuid = {4C2E0B75-B33C-4BB2-A7BE-48D5ABE97085}
	EndGlobalSection
EndGlobal
