
Microsoft Visual Studio Solution File, Format Version 12.00
# Visual Studio Version 16
VisualStudioVersion = 16.0.29709.97
MinimumVisualStudioVersion = 10.0.40219.1
Project("{FAE04EC0-301F-11D3-BF4B-00C04F79EFBC}") = "ToDoItems", "ToDoItems\ToDoItems.csproj", "{A79BB44E-4693-4F2F-87A6-05D109450439}"
EndProject
Global
	GlobalSection(SolutionConfigurationPlatforms) = preSolution
		Debug|Any CPU = Debug|Any CPU
		Release|Any CPU = Release|Any CPU
	EndGlobalSection
	GlobalSection(ProjectConfigurationPlatforms) = postSolution
		{A79BB44E-4693-4F2F-87A6-05D109450439}.Debug|Any CPU.ActiveCfg = Debug|Any CPU
		{A79BB44E-4693-4F2F-87A6-05D109450439}.Debug|Any CPU.Build.0 = Debug|Any CPU
		{A79BB44E-4693-4F2F-87A6-05D109450439}.Release|Any CPU.ActiveCfg = Release|Any CPU
		{A79BB44E-4693-4F2F-87A6-05D109450439}.Release|Any CPU.Build.0 = Release|Any CPU
	EndGlobalSection
	GlobalSection(SolutionProperties) = preSolution
		HideSolutionNode = FALSE
	EndGlobalSection
	GlobalSection(ExtensibilityGlobals) = postSolution
		SolutionGuid = {D7172F52-465F-4DCE-9E97-57BFF63A44F5}
	EndGlobalSection
EndGlobal
